
Microsoft Visual Studio Solution File, Format Version 12.00
# Visual Studio 14
VisualStudioVersion = 14.0.23107.0
MinimumVisualStudioVersion = 10.0.40219.1
Project("{FAE04EC0-301F-11D3-BF4B-00C04F79EFBC}") = "HQF.WPF.Tutorial.2D", "HQF.WPF.Tutorial.2D\HQF.WPF.Tutorial.2D.csproj", "{D99CD7D5-77C2-4E69-93EF-B1283B041D0D}"
EndProject
Project("{2150E333-8FDC-42A3-9474-1A3956D46DE8}") = "MVVM", "MVVM", "{5C77DF58-5125-4BFC-A125-5A8D6F33D30E}"
EndProject
Project("{2150E333-8FDC-42A3-9474-1A3956D46DE8}") = "2D", "2D", "{0D8F27D9-7A13-4851-8079-C96A19617683}"
EndProject
Project("{2150E333-8FDC-42A3-9474-1A3956D46DE8}") = "3D", "3D", "{87309F6B-50C2-4417-9D0D-8A0B840F5804}"
EndProject
Project("{FAE04EC0-301F-11D3-BF4B-00C04F79EFBC}") = "HQF.WPF.MVVM", "HQF.WPF.MVVM\HQF.WPF.MVVM.csproj", "{9088C0BE-2DB8-46D7-A75B-C9842DA7FA72}"
EndProject
Project("{2150E333-8FDC-42A3-9474-1A3956D46DE8}") = "Control", "Control", "{8AAA6B62-2AEE-4773-B808-D10C987FCEDE}"
EndProject
Project("{FAE04EC0-301F-11D3-BF4B-00C04F79EFBC}") = "HQF.WPF.Tutorial.3D", "HQF.WPF.Tutorial.3D\HQF.WPF.Tutorial.3D.csproj", "{30738DF8-6AD2-4B6C-81FE-0CFC9739CBCD}"
EndProject
Project("{FAE04EC0-301F-11D3-BF4B-00C04F79EFBC}") = "HQF.WPF.Tutorial.Control", "HQF.WPF.Tutorial.Control\HQF.WPF.Tutorial.Control.csproj", "{D2CBE199-880F-4915-976F-248002E59D45}"
EndProject
Project("{2150E333-8FDC-42A3-9474-1A3956D46DE8}") = "Layout", "Layout", "{73673747-2C13-4DC0-8BA9-1971CAE75403}"
EndProject
Project("{FAE04EC0-301F-11D3-BF4B-00C04F79EFBC}") = "HQF.WPF.Tutorial.Layout", "HQF.WPF.Tutorial.Layout\HQF.WPF.Tutorial.Layout.csproj", "{DB9EFABF-5975-40AF-818D-B91497FCAE31}"
EndProject
Project("{2150E333-8FDC-42A3-9474-1A3956D46DE8}") = "Style", "Style", "{F523865A-DA22-4650-B067-1D15A640FBE9}"
EndProject
Project("{FAE04EC0-301F-11D3-BF4B-00C04F79EFBC}") = "HQF.WPF.Tutorial.Trigger", "HQF.WPF.Tutorial.Trigger\HQF.WPF.Tutorial.Trigger.csproj", "{D3BE180C-4B11-4F6A-BAAD-6C7D31F68B3E}"
EndProject
Project("{2150E333-8FDC-42A3-9474-1A3956D46DE8}") = "Solution Items", "Solution Items", "{C1C8A6CA-DEA4-42DD-BACB-D8B3624981E5}"
	ProjectSection(SolutionItems) = preProject
		README.md = README.md
	EndProjectSection
EndProject
Project("{2150E333-8FDC-42A3-9474-1A3956D46DE8}") = "Chart", "Chart", "{73926BE0-39E5-4911-BE60-888BE81079C0}"
EndProject
Project("{2150E333-8FDC-42A3-9474-1A3956D46DE8}") = "DataGrid", "DataGrid", "{AF2E2382-933B-49CB-93C5-B5CB04D6E57D}"
	ProjectSection(SolutionItems) = preProject
		Controls\DataGrid\Readme.md = Controls\DataGrid\Readme.md
	EndProjectSection
EndProject
Project("{FAE04EC0-301F-11D3-BF4B-00C04F79EFBC}") = "HQF.Tutorial.WPF.Controls.DataGrid", "Controls\DataGrid\HQF.Tutorial.WPF.Controls.DataGrid\HQF.Tutorial.WPF.Controls.DataGrid.csproj", "{202EE025-C731-4A0F-85EF-5483E8C8B0A7}"
EndProject
Project("{FAE04EC0-301F-11D3-BF4B-00C04F79EFBC}") = "HQF.Tutorial.WPF.Controls.DataGridAdvance", "Controls\DataGrid\HQF.Tutorial.WPF.Controls.DataGridAdvance\HQF.Tutorial.WPF.Controls.DataGridAdvance.csproj", "{42D91FD9-FA26-4A8A-9D18-51B8827F8782}"
EndProject
Project("{2150E333-8FDC-42A3-9474-1A3956D46DE8}") = "TimeLine", "TimeLine", "{CFADA624-5E79-4563-8DFB-071400194439}"
EndProject
Project("{2150E333-8FDC-42A3-9474-1A3956D46DE8}") = "Advance", "Advance", "{28CE3174-2D7E-4031-9263-1EB0DF7A52AC}"
EndProject
Project("{2150E333-8FDC-42A3-9474-1A3956D46DE8}") = "Speech", "Speech", "{EBDC3F6E-E446-4FD5-B314-3B4D150AA4A1}"
EndProject
Project("{FAE04EC0-301F-11D3-BF4B-00C04F79EFBC}") = "HQF.Tutorial.WPF.Advance.Speech", "Advance\Speech\HQF.Tutorial.WPF.Advance.Speech\HQF.Tutorial.WPF.Advance.Speech.csproj", "{2E17AE00-18A5-4741-89F3-E58C66E86D3A}"
EndProject
Project("{2150E333-8FDC-42A3-9474-1A3956D46DE8}") = "Themes", "Themes", "{5FD66635-AE60-44C0-A6ED-C393260104A3}"
EndProject
Project("{FAE04EC0-301F-11D3-BF4B-00C04F79EFBC}") = "HQF.Tutorial.WPF.Style.Themes", "Style\Themes\HQF.Tutorial.WPF.Style.Themes\HQF.Tutorial.WPF.Style.Themes.csproj", "{E65A1FDD-EE5A-46E5-BAFD-4DB786441D02}"
EndProject
Project("{2150E333-8FDC-42A3-9474-1A3956D46DE8}") = "WPF ToolKit", "WPF ToolKit", "{F77240A0-19C7-4507-BD6E-157E58AAF0BE}"
EndProject
Project("{FAE04EC0-301F-11D3-BF4B-00C04F79EFBC}") = "HQF.Tutorial.WPF.Controls.Chart1", "Controls\Chart\WPFToolKit\HQF.Tutorial.WPF.Controls.Chart1\HQF.Tutorial.WPF.Controls.Chart1.csproj", "{62C3218D-5F1B-410A-A03B-2824D91D1869}"
EndProject
Project("{FAE04EC0-301F-11D3-BF4B-00C04F79EFBC}") = "HQF.Tutorial.WPF.Controls.Chart2", "Controls\Chart\WPFToolKit\HQF.Tutorial.WPF.Controls.Chart2\HQF.Tutorial.WPF.Controls.Chart2.csproj", "{05BF1310-FAC6-4408-A24D-326DCE63D304}"
EndProject
Project("{FAE04EC0-301F-11D3-BF4B-00C04F79EFBC}") = "HQF.Tutorial.WPF.Controls.Chart3", "Controls\Chart\WPFToolKit\HQF.Tutorial.WPF.Controls.Chart3\HQF.Tutorial.WPF.Controls.Chart3.csproj", "{FD26078F-BA7C-49FF-B9CF-C56A5EFA5515}"
EndProject
Project("{FAE04EC0-301F-11D3-BF4B-00C04F79EFBC}") = "HQF.Tutorial.WPF.Controls.Chart6", "Controls\Chart\WPFToolKit\HQF.Tutorial.WPF.Controls.Chart6\HQF.Tutorial.WPF.Controls.Chart6.csproj", "{AB9B8BFC-CD9D-4E77-B30C-411F3AE6248A}"
EndProject
Project("{FAE04EC0-301F-11D3-BF4B-00C04F79EFBC}") = "HQF.Tutorial.WPF.Controls.Chart5", "Controls\Chart\WPFToolKit\HQF.Tutorial.WPF.Controls.Chart5\HQF.Tutorial.WPF.Controls.Chart5.csproj", "{E4D83A86-A3D5-480E-832F-898898A2265E}"
EndProject
Project("{FAE04EC0-301F-11D3-BF4B-00C04F79EFBC}") = "HQF.Tutorial.WPF.Controls.Chart4", "Controls\Chart\WPFToolKit\HQF.Tutorial.WPF.Controls.Chart4\HQF.Tutorial.WPF.Controls.Chart4.csproj", "{0247DCB4-CB65-4770-BEBC-375948442080}"
EndProject
Global
	GlobalSection(SolutionConfigurationPlatforms) = preSolution
		Debug|Any CPU = Debug|Any CPU
		Release|Any CPU = Release|Any CPU
	EndGlobalSection
	GlobalSection(ProjectConfigurationPlatforms) = postSolution
		{D99CD7D5-77C2-4E69-93EF-B1283B041D0D}.Debug|Any CPU.ActiveCfg = Debug|Any CPU
		{D99CD7D5-77C2-4E69-93EF-B1283B041D0D}.Debug|Any CPU.Build.0 = Debug|Any CPU
		{D99CD7D5-77C2-4E69-93EF-B1283B041D0D}.Release|Any CPU.ActiveCfg = Release|Any CPU
		{D99CD7D5-77C2-4E69-93EF-B1283B041D0D}.Release|Any CPU.Build.0 = Release|Any CPU
		{9088C0BE-2DB8-46D7-A75B-C9842DA7FA72}.Debug|Any CPU.ActiveCfg = Debug|Any CPU
		{9088C0BE-2DB8-46D7-A75B-C9842DA7FA72}.Debug|Any CPU.Build.0 = Debug|Any CPU
		{9088C0BE-2DB8-46D7-A75B-C9842DA7FA72}.Release|Any CPU.ActiveCfg = Release|Any CPU
		{9088C0BE-2DB8-46D7-A75B-C9842DA7FA72}.Release|Any CPU.Build.0 = Release|Any CPU
		{30738DF8-6AD2-4B6C-81FE-0CFC9739CBCD}.Debug|Any CPU.ActiveCfg = Debug|Any CPU
		{30738DF8-6AD2-4B6C-81FE-0CFC9739CBCD}.Debug|Any CPU.Build.0 = Debug|Any CPU
		{30738DF8-6AD2-4B6C-81FE-0CFC9739CBCD}.Release|Any CPU.ActiveCfg = Release|Any CPU
		{30738DF8-6AD2-4B6C-81FE-0CFC9739CBCD}.Release|Any CPU.Build.0 = Release|Any CPU
		{D2CBE199-880F-4915-976F-248002E59D45}.Debug|Any CPU.ActiveCfg = Debug|Any CPU
		{D2CBE199-880F-4915-976F-248002E59D45}.Debug|Any CPU.Build.0 = Debug|Any CPU
		{D2CBE199-880F-4915-976F-248002E59D45}.Release|Any CPU.ActiveCfg = Release|Any CPU
		{D2CBE199-880F-4915-976F-248002E59D45}.Release|Any CPU.Build.0 = Release|Any CPU
		{DB9EFABF-5975-40AF-818D-B91497FCAE31}.Debug|Any CPU.ActiveCfg = Debug|Any CPU
		{DB9EFABF-5975-40AF-818D-B91497FCAE31}.Debug|Any CPU.Build.0 = Debug|Any CPU
		{DB9EFABF-5975-40AF-818D-B91497FCAE31}.Release|Any CPU.ActiveCfg = Release|Any CPU
		{DB9EFABF-5975-40AF-818D-B91497FCAE31}.Release|Any CPU.Build.0 = Release|Any CPU
		{D3BE180C-4B11-4F6A-BAAD-6C7D31F68B3E}.Debug|Any CPU.ActiveCfg = Debug|Any CPU
		{D3BE180C-4B11-4F6A-BAAD-6C7D31F68B3E}.Debug|Any CPU.Build.0 = Debug|Any CPU
		{D3BE180C-4B11-4F6A-BAAD-6C7D31F68B3E}.Release|Any CPU.ActiveCfg = Release|Any CPU
		{D3BE180C-4B11-4F6A-BAAD-6C7D31F68B3E}.Release|Any CPU.Build.0 = Release|Any CPU
		{202EE025-C731-4A0F-85EF-5483E8C8B0A7}.Debug|Any CPU.ActiveCfg = Debug|Any CPU
		{202EE025-C731-4A0F-85EF-5483E8C8B0A7}.Debug|Any CPU.Build.0 = Debug|Any CPU
		{202EE025-C731-4A0F-85EF-5483E8C8B0A7}.Release|Any CPU.ActiveCfg = Release|Any CPU
		{202EE025-C731-4A0F-85EF-5483E8C8B0A7}.Release|Any CPU.Build.0 = Release|Any CPU
		{42D91FD9-FA26-4A8A-9D18-51B8827F8782}.Debug|Any CPU.ActiveCfg = Debug|Any CPU
		{42D91FD9-FA26-4A8A-9D18-51B8827F8782}.Debug|Any CPU.Build.0 = Debug|Any CPU
		{42D91FD9-FA26-4A8A-9D18-51B8827F8782}.Release|Any CPU.ActiveCfg = Release|Any CPU
		{42D91FD9-FA26-4A8A-9D18-51B8827F8782}.Release|Any CPU.Build.0 = Release|Any CPU
		{2E17AE00-18A5-4741-89F3-E58C66E86D3A}.Debug|Any CPU.ActiveCfg = Debug|Any CPU
		{2E17AE00-18A5-4741-89F3-E58C66E86D3A}.Debug|Any CPU.Build.0 = Debug|Any CPU
		{2E17AE00-18A5-4741-89F3-E58C66E86D3A}.Release|Any CPU.ActiveCfg = Release|Any CPU
		{2E17AE00-18A5-4741-89F3-E58C66E86D3A}.Release|Any CPU.Build.0 = Release|Any CPU
		{E65A1FDD-EE5A-46E5-BAFD-4DB786441D02}.Debug|Any CPU.ActiveCfg = Debug|Any CPU
		{E65A1FDD-EE5A-46E5-BAFD-4DB786441D02}.Debug|Any CPU.Build.0 = Debug|Any CPU
		{E65A1FDD-EE5A-46E5-BAFD-4DB786441D02}.Release|Any CPU.ActiveCfg = Release|Any CPU
		{E65A1FDD-EE5A-46E5-BAFD-4DB786441D02}.Release|Any CPU.Build.0 = Release|Any CPU
		{62C3218D-5F1B-410A-A03B-2824D91D1869}.Debug|Any CPU.ActiveCfg = Debug|Any CPU
		{62C3218D-5F1B-410A-A03B-2824D91D1869}.Debug|Any CPU.Build.0 = Debug|Any CPU
		{62C3218D-5F1B-410A-A03B-2824D91D1869}.Release|Any CPU.ActiveCfg = Release|Any CPU
		{62C3218D-5F1B-410A-A03B-2824D91D1869}.Release|Any CPU.Build.0 = Release|Any CPU
		{05BF1310-FAC6-4408-A24D-326DCE63D304}.Debug|Any CPU.ActiveCfg = Debug|Any CPU
		{05BF1310-FAC6-4408-A24D-326DCE63D304}.Debug|Any CPU.Build.0 = Debug|Any CPU
		{05BF1310-FAC6-4408-A24D-326DCE63D304}.Release|Any CPU.ActiveCfg = Release|Any CPU
		{05BF1310-FAC6-4408-A24D-326DCE63D304}.Release|Any CPU.Build.0 = Release|Any CPU
		{FD26078F-BA7C-49FF-B9CF-C56A5EFA5515}.Debug|Any CPU.ActiveCfg = Debug|Any CPU
		{FD26078F-BA7C-49FF-B9CF-C56A5EFA5515}.Debug|Any CPU.Build.0 = Debug|Any CPU
		{FD26078F-BA7C-49FF-B9CF-C56A5EFA5515}.Release|Any CPU.ActiveCfg = Release|Any CPU
		{FD26078F-BA7C-49FF-B9CF-C56A5EFA5515}.Release|Any CPU.Build.0 = Release|Any CPU
		{AB9B8BFC-CD9D-4E77-B30C-411F3AE6248A}.Debug|Any CPU.ActiveCfg = Debug|Any CPU
		{AB9B8BFC-CD9D-4E77-B30C-411F3AE6248A}.Debug|Any CPU.Build.0 = Debug|Any CPU
		{AB9B8BFC-CD9D-4E77-B30C-411F3AE6248A}.Release|Any CPU.ActiveCfg = Release|Any CPU
		{AB9B8BFC-CD9D-4E77-B30C-411F3AE6248A}.Release|Any CPU.Build.0 = Release|Any CPU
		{E4D83A86-A3D5-480E-832F-898898A2265E}.Debug|Any CPU.ActiveCfg = Debug|Any CPU
		{E4D83A86-A3D5-480E-832F-898898A2265E}.Debug|Any CPU.Build.0 = Debug|Any CPU
		{E4D83A86-A3D5-480E-832F-898898A2265E}.Release|Any CPU.ActiveCfg = Release|Any CPU
		{E4D83A86-A3D5-480E-832F-898898A2265E}.Release|Any CPU.Build.0 = Release|Any CPU
		{0247DCB4-CB65-4770-BEBC-375948442080}.Debug|Any CPU.ActiveCfg = Debug|Any CPU
		{0247DCB4-CB65-4770-BEBC-375948442080}.Debug|Any CPU.Build.0 = Debug|Any CPU
		{0247DCB4-CB65-4770-BEBC-375948442080}.Release|Any CPU.ActiveCfg = Release|Any CPU
		{0247DCB4-CB65-4770-BEBC-375948442080}.Release|Any CPU.Build.0 = Release|Any CPU
	EndGlobalSection
	GlobalSection(SolutionProperties) = preSolution
		HideSolutionNode = FALSE
	EndGlobalSection
	GlobalSection(NestedProjects) = preSolution
		{D99CD7D5-77C2-4E69-93EF-B1283B041D0D} = {0D8F27D9-7A13-4851-8079-C96A19617683}
		{9088C0BE-2DB8-46D7-A75B-C9842DA7FA72} = {5C77DF58-5125-4BFC-A125-5A8D6F33D30E}
		{30738DF8-6AD2-4B6C-81FE-0CFC9739CBCD} = {87309F6B-50C2-4417-9D0D-8A0B840F5804}
		{D2CBE199-880F-4915-976F-248002E59D45} = {8AAA6B62-2AEE-4773-B808-D10C987FCEDE}
		{DB9EFABF-5975-40AF-818D-B91497FCAE31} = {73673747-2C13-4DC0-8BA9-1971CAE75403}
		{D3BE180C-4B11-4F6A-BAAD-6C7D31F68B3E} = {F523865A-DA22-4650-B067-1D15A640FBE9}
		{73926BE0-39E5-4911-BE60-888BE81079C0} = {8AAA6B62-2AEE-4773-B808-D10C987FCEDE}
		{AF2E2382-933B-49CB-93C5-B5CB04D6E57D} = {8AAA6B62-2AEE-4773-B808-D10C987FCEDE}
		{202EE025-C731-4A0F-85EF-5483E8C8B0A7} = {AF2E2382-933B-49CB-93C5-B5CB04D6E57D}
		{42D91FD9-FA26-4A8A-9D18-51B8827F8782} = {AF2E2382-933B-49CB-93C5-B5CB04D6E57D}
		{CFADA624-5E79-4563-8DFB-071400194439} = {8AAA6B62-2AEE-4773-B808-D10C987FCEDE}
		{EBDC3F6E-E446-4FD5-B314-3B4D150AA4A1} = {28CE3174-2D7E-4031-9263-1EB0DF7A52AC}
		{2E17AE00-18A5-4741-89F3-E58C66E86D3A} = {EBDC3F6E-E446-4FD5-B314-3B4D150AA4A1}
		{5FD66635-AE60-44C0-A6ED-C393260104A3} = {F523865A-DA22-4650-B067-1D15A640FBE9}
		{E65A1FDD-EE5A-46E5-BAFD-4DB786441D02} = {5FD66635-AE60-44C0-A6ED-C393260104A3}
		{F77240A0-19C7-4507-BD6E-157E58AAF0BE} = {73926BE0-39E5-4911-BE60-888BE81079C0}
		{62C3218D-5F1B-410A-A03B-2824D91D1869} = {F77240A0-19C7-4507-BD6E-157E58AAF0BE}
		{05BF1310-FAC6-4408-A24D-326DCE63D304} = {F77240A0-19C7-4507-BD6E-157E58AAF0BE}
		{FD26078F-BA7C-49FF-B9CF-C56A5EFA5515} = {F77240A0-19C7-4507-BD6E-157E58AAF0BE}
		{AB9B8BFC-CD9D-4E77-B30C-411F3AE6248A} = {F77240A0-19C7-4507-BD6E-157E58AAF0BE}
		{E4D83A86-A3D5-480E-832F-898898A2265E} = {F77240A0-19C7-4507-BD6E-157E58AAF0BE}
		{0247DCB4-CB65-4770-BEBC-375948442080} = {F77240A0-19C7-4507-BD6E-157E58AAF0BE}
	EndGlobalSection
EndGlobal
